
Microsoft Visual Studio Solution File, Format Version 12.00
# Visual Studio Version 16
VisualStudioVersion = 16.0.31112.23
MinimumVisualStudioVersion = 10.0.40219.1
Project("{FAE04EC0-301F-11D3-BF4B-00C04F79EFBC}") = "senai_medical_group.webApi", "senai_medical_group.webApi\senai_medical_group.webApi.csproj", "{E916B21D-2B6D-475C-BF1A-186C667B8E76}"
EndProject
Global
	GlobalSection(SolutionConfigurationPlatforms) = preSolution
		Debug|Any CPU = Debug|Any CPU
		Release|Any CPU = Release|Any CPU
	EndGlobalSection
	GlobalSection(ProjectConfigurationPlatforms) = postSolution
		{E916B21D-2B6D-475C-BF1A-186C667B8E76}.Debug|Any CPU.ActiveCfg = Debug|Any CPU
		{E916B21D-2B6D-475C-BF1A-186C667B8E76}.Debug|Any CPU.Build.0 = Debug|Any CPU
		{E916B21D-2B6D-475C-BF1A-186C667B8E76}.Release|Any CPU.ActiveCfg = Release|Any CPU
		{E916B21D-2B6D-475C-BF1A-186C667B8E76}.Release|Any CPU.Build.0 = Release|Any CPU
	EndGlobalSection
	GlobalSection(SolutionProperties) = preSolution
		HideSolutionNode = FALSE
	EndGlobalSection
	GlobalSection(ExtensibilityGlobals) = postSolution
		SolutionGuid = {BC76CF26-FA74-4D6B-A442-8CA8B9080D45}
	EndGlobalSection
EndGlobal
